
Microsoft Visual Studio Solution File, Format Version 12.00
# Visual Studio Version 17
VisualStudioVersion = 17.7.34221.43
MinimumVisualStudioVersion = 10.0.40219.1
Project("{FAE04EC0-301F-11D3-BF4B-00C04F79EFBC}") = "githubAzureFunctions", "githubAzureFunctions\githubAzureFunctions.csproj", "{EC17CBF9-FECA-40AC-801E-69C488651EB3}"
EndProject
Global
	GlobalSection(SolutionConfigurationPlatforms) = preSolution
		Debug|Any CPU = Debug|Any CPU
		Release|Any CPU = Release|Any CPU
	EndGlobalSection
	GlobalSection(ProjectConfigurationPlatforms) = postSolution
		{EC17CBF9-FECA-40AC-801E-69C488651EB3}.Debug|Any CPU.ActiveCfg = Debug|Any CPU
		{EC17CBF9-FECA-40AC-801E-69C488651EB3}.Debug|Any CPU.Build.0 = Debug|Any CPU
		{EC17CBF9-FECA-40AC-801E-69C488651EB3}.Release|Any CPU.ActiveCfg = Release|Any CPU
		{EC17CBF9-FECA-40AC-801E-69C488651EB3}.Release|Any CPU.Build.0 = Release|Any CPU
	EndGlobalSection
	GlobalSection(SolutionProperties) = preSolution
		HideSolutionNode = FALSE
	EndGlobalSection
	GlobalSection(ExtensibilityGlobals) = postSolution
		SolutionGuid = {DE155F4A-844C-4F8E-A4FD-EB4D06E92081}
	EndGlobalSection
EndGlobal
